// !$*UTF8*$!
{
	archiveVersion = 1;
	classes = {
	};
	objectVersion = 56;
	objects = {

/* Begin PBXBuildFile section */
		546EAC0E292112960011833F /* WeekSummaryViewController.swift in Sources */ = {isa = PBXBuildFile; fileRef = 546EAC0D292112950011833F /* WeekSummaryViewController.swift */; };
		546EAC1029215C5E0011833F /* WeatherRequest.swift in Sources */ = {isa = PBXBuildFile; fileRef = 546EAC0F29215C5E0011833F /* WeatherRequest.swift */; };
		546EAC1329215E330011833F /* NextHourView.swift in Sources */ = {isa = PBXBuildFile; fileRef = 546EAC1229215E330011833F /* NextHourView.swift */; };
		546EAC17292163070011833F /* Data.swift in Sources */ = {isa = PBXBuildFile; fileRef = 546EAC16292163070011833F /* Data.swift */; };
		546EAC1929217BA00011833F /* NextDaysView.swift in Sources */ = {isa = PBXBuildFile; fileRef = 546EAC1829217BA00011833F /* NextDaysView.swift */; };
		546EAC1C29223FF90011833F /* UICollectionView.swift in Sources */ = {isa = PBXBuildFile; fileRef = 546EAC1B29223FF90011833F /* UICollectionView.swift */; };
		546EAC1E292240F60011833F /* WeekSummaryViewModel.swift in Sources */ = {isa = PBXBuildFile; fileRef = 546EAC1D292240F60011833F /* WeekSummaryViewModel.swift */; };
		546EAC20292244800011833F /* WeatherClassifications.swift in Sources */ = {isa = PBXBuildFile; fileRef = 546EAC1F292244800011833F /* WeatherClassifications.swift */; };
		546EAC22292248440011833F /* Array.swift in Sources */ = {isa = PBXBuildFile; fileRef = 546EAC21292248440011833F /* Array.swift */; };
		546EAC24292255950011833F /* GradientView.swift in Sources */ = {isa = PBXBuildFile; fileRef = 546EAC23292255950011833F /* GradientView.swift */; };
		546EAC26292256850011833F /* Color.swift in Sources */ = {isa = PBXBuildFile; fileRef = 546EAC25292256850011833F /* Color.swift */; };
		546EAC2A292270670011833F /* WeeklySummaryTitleView.swift in Sources */ = {isa = PBXBuildFile; fileRef = 546EAC29292270670011833F /* WeeklySummaryTitleView.swift */; };
		546EAC2C2922721C0011833F /* Coordinator.swift in Sources */ = {isa = PBXBuildFile; fileRef = 546EAC2B2922721C0011833F /* Coordinator.swift */; };
		546EAC2F292272550011833F /* NavigationCoordinator.swift in Sources */ = {isa = PBXBuildFile; fileRef = 546EAC2E292272550011833F /* NavigationCoordinator.swift */; };
		546EAC31292273110011833F /* AppCoordinator.swift in Sources */ = {isa = PBXBuildFile; fileRef = 546EAC30292273110011833F /* AppCoordinator.swift */; };
		546EAC342922922D0011833F /* LocationPickerViewController.swift in Sources */ = {isa = PBXBuildFile; fileRef = 546EAC332922922D0011833F /* LocationPickerViewController.swift */; };
		546EAC3729229DF40011833F /* MockDailyResponse.json in Resources */ = {isa = PBXBuildFile; fileRef = 546EAC3629229DF40011833F /* MockDailyResponse.json */; };
		546EAC3929229E360011833F /* MockWeatherAPIClient.swift in Sources */ = {isa = PBXBuildFile; fileRef = 546EAC3829229E360011833F /* MockWeatherAPIClient.swift */; };
		546EAC3B29229F960011833F /* MockNextHourResponse.json in Resources */ = {isa = PBXBuildFile; fileRef = 546EAC3A29229F960011833F /* MockNextHourResponse.json */; };
		546EAC3D2922A80A0011833F /* LocationCoordinator.swift in Sources */ = {isa = PBXBuildFile; fileRef = 546EAC3C2922A80A0011833F /* LocationCoordinator.swift */; };
		546EAC3F2922A83C0011833F /* WeekSummaryViewModelTests.swift in Sources */ = {isa = PBXBuildFile; fileRef = 546EAC3E2922A83C0011833F /* WeekSummaryViewModelTests.swift */; };
		546EAC442922A9280011833F /* CocoaLumberjackSwift in Frameworks */ = {isa = PBXBuildFile; productRef = 546EAC432922A9280011833F /* CocoaLumberjackSwift */; };
		546EAC492922AB940011833F /* CocoaLumberjackSwift in Frameworks */ = {isa = PBXBuildFile; productRef = 546EAC482922AB940011833F /* CocoaLumberjackSwift */; };
		546EAC4B292390750011833F /* LocationHelpers.swift in Sources */ = {isa = PBXBuildFile; fileRef = 546EAC4A292390750011833F /* LocationHelpers.swift */; };
		546EAC4D292393430011833F /* WeekSummaryIdentifiers.swift in Sources */ = {isa = PBXBuildFile; fileRef = 546EAC4C292393430011833F /* WeekSummaryIdentifiers.swift */; };
		546EAC4E292393470011833F /* WeekSummaryIdentifiers.swift in Sources */ = {isa = PBXBuildFile; fileRef = 546EAC4C292393430011833F /* WeekSummaryIdentifiers.swift */; };
		546EAC50292393930011833F /* WeeklySummaryFlowTests.swift in Sources */ = {isa = PBXBuildFile; fileRef = 546EAC4F292393930011833F /* WeeklySummaryFlowTests.swift */; };
		546EAC53292393E30011833F /* XCUIElement.swift in Sources */ = {isa = PBXBuildFile; fileRef = 546EAC52292393E30011833F /* XCUIElement.swift */; };
		546EAC55292394480011833F /* LocationIdentifiers.swift in Sources */ = {isa = PBXBuildFile; fileRef = 546EAC54292394480011833F /* LocationIdentifiers.swift */; };
		546EAC56292394590011833F /* LocationIdentifiers.swift in Sources */ = {isa = PBXBuildFile; fileRef = 546EAC54292394480011833F /* LocationIdentifiers.swift */; };
		546EAC582923971A0011833F /* DayWeatherSummaryModelTests.swift in Sources */ = {isa = PBXBuildFile; fileRef = 546EAC572923971A0011833F /* DayWeatherSummaryModelTests.swift */; };
		546F04A12916928A0006A846 /* AppDelegate.swift in Sources */ = {isa = PBXBuildFile; fileRef = 546F04A02916928A0006A846 /* AppDelegate.swift */; };
		546F04A32916928A0006A846 /* SceneDelegate.swift in Sources */ = {isa = PBXBuildFile; fileRef = 546F04A22916928A0006A846 /* SceneDelegate.swift */; };
		546F04AA2916928C0006A846 /* Assets.xcassets in Resources */ = {isa = PBXBuildFile; fileRef = 546F04A92916928C0006A846 /* Assets.xcassets */; };
		546F04AD2916928C0006A846 /* LaunchScreen.storyboard in Resources */ = {isa = PBXBuildFile; fileRef = 546F04AB2916928C0006A846 /* LaunchScreen.storyboard */; };
		546F04D2291693D00006A846 /* APIClient.swift in Sources */ = {isa = PBXBuildFile; fileRef = 546F04D1291693D00006A846 /* APIClient.swift */; };
		546F04D72916943D0006A846 /* WeatherAPIClient.swift in Sources */ = {isa = PBXBuildFile; fileRef = 546F04D62916943D0006A846 /* WeatherAPIClient.swift */; };
		546F04E02917D1090006A846 /* SnapKit in Frameworks */ = {isa = PBXBuildFile; productRef = 546F04DF2917D1090006A846 /* SnapKit */; };
		546F04E829190A0C0006A846 /* Weather.swift in Sources */ = {isa = PBXBuildFile; fileRef = 546F04E729190A0C0006A846 /* Weather.swift */; };
		54B79862291D1B12002D9F7F /* AvailabilityRequest.swift in Sources */ = {isa = PBXBuildFile; fileRef = 54B79861291D1B12002D9F7F /* AvailabilityRequest.swift */; };
/* End PBXBuildFile section */

/* Begin PBXContainerItemProxy section */
		546F04B42916928D0006A846 /* PBXContainerItemProxy */ = {
			isa = PBXContainerItemProxy;
			containerPortal = 546F04952916928A0006A846 /* Project object */;
			proxyType = 1;
			remoteGlobalIDString = 546F049C2916928A0006A846;
			remoteInfo = weathero;
		};
		546F04BE2916928D0006A846 /* PBXContainerItemProxy */ = {
			isa = PBXContainerItemProxy;
			containerPortal = 546F04952916928A0006A846 /* Project object */;
			proxyType = 1;
			remoteGlobalIDString = 546F049C2916928A0006A846;
			remoteInfo = weathero;
		};
/* End PBXContainerItemProxy section */

/* Begin PBXFileReference section */
		546EAC0D292112950011833F /* WeekSummaryViewController.swift */ = {isa = PBXFileReference; lastKnownFileType = sourcecode.swift; path = WeekSummaryViewController.swift; sourceTree = "<group>"; };
		546EAC0F29215C5E0011833F /* WeatherRequest.swift */ = {isa = PBXFileReference; lastKnownFileType = sourcecode.swift; path = WeatherRequest.swift; sourceTree = "<group>"; };
		546EAC1229215E330011833F /* NextHourView.swift */ = {isa = PBXFileReference; lastKnownFileType = sourcecode.swift; path = NextHourView.swift; sourceTree = "<group>"; };
		546EAC16292163070011833F /* Data.swift */ = {isa = PBXFileReference; lastKnownFileType = sourcecode.swift; path = Data.swift; sourceTree = "<group>"; };
		546EAC1829217BA00011833F /* NextDaysView.swift */ = {isa = PBXFileReference; lastKnownFileType = sourcecode.swift; path = NextDaysView.swift; sourceTree = "<group>"; };
		546EAC1B29223FF90011833F /* UICollectionView.swift */ = {isa = PBXFileReference; lastKnownFileType = sourcecode.swift; path = UICollectionView.swift; sourceTree = "<group>"; };
		546EAC1D292240F60011833F /* WeekSummaryViewModel.swift */ = {isa = PBXFileReference; lastKnownFileType = sourcecode.swift; path = WeekSummaryViewModel.swift; sourceTree = "<group>"; };
		546EAC1F292244800011833F /* WeatherClassifications.swift */ = {isa = PBXFileReference; lastKnownFileType = sourcecode.swift; path = WeatherClassifications.swift; sourceTree = "<group>"; };
		546EAC21292248440011833F /* Array.swift */ = {isa = PBXFileReference; lastKnownFileType = sourcecode.swift; path = Array.swift; sourceTree = "<group>"; };
		546EAC23292255950011833F /* GradientView.swift */ = {isa = PBXFileReference; lastKnownFileType = sourcecode.swift; path = GradientView.swift; sourceTree = "<group>"; };
		546EAC25292256850011833F /* Color.swift */ = {isa = PBXFileReference; lastKnownFileType = sourcecode.swift; path = Color.swift; sourceTree = "<group>"; };
		546EAC29292270670011833F /* WeeklySummaryTitleView.swift */ = {isa = PBXFileReference; lastKnownFileType = sourcecode.swift; path = WeeklySummaryTitleView.swift; sourceTree = "<group>"; };
		546EAC2B2922721C0011833F /* Coordinator.swift */ = {isa = PBXFileReference; lastKnownFileType = sourcecode.swift; path = Coordinator.swift; sourceTree = "<group>"; };
		546EAC2E292272550011833F /* NavigationCoordinator.swift */ = {isa = PBXFileReference; lastKnownFileType = sourcecode.swift; path = NavigationCoordinator.swift; sourceTree = "<group>"; };
		546EAC30292273110011833F /* AppCoordinator.swift */ = {isa = PBXFileReference; lastKnownFileType = sourcecode.swift; path = AppCoordinator.swift; sourceTree = "<group>"; };
		546EAC332922922D0011833F /* LocationPickerViewController.swift */ = {isa = PBXFileReference; lastKnownFileType = sourcecode.swift; path = LocationPickerViewController.swift; sourceTree = "<group>"; };
		546EAC3629229DF40011833F /* MockDailyResponse.json */ = {isa = PBXFileReference; lastKnownFileType = text.json; path = MockDailyResponse.json; sourceTree = "<group>"; };
		546EAC3829229E360011833F /* MockWeatherAPIClient.swift */ = {isa = PBXFileReference; lastKnownFileType = sourcecode.swift; path = MockWeatherAPIClient.swift; sourceTree = "<group>"; };
		546EAC3A29229F960011833F /* MockNextHourResponse.json */ = {isa = PBXFileReference; lastKnownFileType = text.json; path = MockNextHourResponse.json; sourceTree = "<group>"; };
		546EAC3C2922A80A0011833F /* LocationCoordinator.swift */ = {isa = PBXFileReference; lastKnownFileType = sourcecode.swift; path = LocationCoordinator.swift; sourceTree = "<group>"; };
		546EAC3E2922A83C0011833F /* WeekSummaryViewModelTests.swift */ = {isa = PBXFileReference; lastKnownFileType = sourcecode.swift; path = WeekSummaryViewModelTests.swift; sourceTree = "<group>"; };
		546EAC4A292390750011833F /* LocationHelpers.swift */ = {isa = PBXFileReference; lastKnownFileType = sourcecode.swift; path = LocationHelpers.swift; sourceTree = "<group>"; };
		546EAC4C292393430011833F /* WeekSummaryIdentifiers.swift */ = {isa = PBXFileReference; lastKnownFileType = sourcecode.swift; path = WeekSummaryIdentifiers.swift; sourceTree = "<group>"; };
		546EAC4F292393930011833F /* WeeklySummaryFlowTests.swift */ = {isa = PBXFileReference; lastKnownFileType = sourcecode.swift; path = WeeklySummaryFlowTests.swift; sourceTree = "<group>"; };
		546EAC52292393E30011833F /* XCUIElement.swift */ = {isa = PBXFileReference; lastKnownFileType = sourcecode.swift; path = XCUIElement.swift; sourceTree = "<group>"; };
		546EAC54292394480011833F /* LocationIdentifiers.swift */ = {isa = PBXFileReference; lastKnownFileType = sourcecode.swift; path = LocationIdentifiers.swift; sourceTree = "<group>"; };
		546EAC572923971A0011833F /* DayWeatherSummaryModelTests.swift */ = {isa = PBXFileReference; lastKnownFileType = sourcecode.swift; path = DayWeatherSummaryModelTests.swift; sourceTree = "<group>"; };
		546F049D2916928A0006A846 /* weathero.app */ = {isa = PBXFileReference; explicitFileType = wrapper.application; includeInIndex = 0; path = weathero.app; sourceTree = BUILT_PRODUCTS_DIR; };
		546F04A02916928A0006A846 /* AppDelegate.swift */ = {isa = PBXFileReference; lastKnownFileType = sourcecode.swift; path = AppDelegate.swift; sourceTree = "<group>"; };
		546F04A22916928A0006A846 /* SceneDelegate.swift */ = {isa = PBXFileReference; lastKnownFileType = sourcecode.swift; path = SceneDelegate.swift; sourceTree = "<group>"; };
		546F04A92916928C0006A846 /* Assets.xcassets */ = {isa = PBXFileReference; lastKnownFileType = folder.assetcatalog; path = Assets.xcassets; sourceTree = "<group>"; };
		546F04AC2916928C0006A846 /* Base */ = {isa = PBXFileReference; lastKnownFileType = file.storyboard; name = Base; path = Base.lproj/LaunchScreen.storyboard; sourceTree = "<group>"; };
		546F04AE2916928C0006A846 /* Info.plist */ = {isa = PBXFileReference; lastKnownFileType = text.plist.xml; path = Info.plist; sourceTree = "<group>"; };
		546F04B32916928D0006A846 /* weatheroTests.xctest */ = {isa = PBXFileReference; explicitFileType = wrapper.cfbundle; includeInIndex = 0; path = weatheroTests.xctest; sourceTree = BUILT_PRODUCTS_DIR; };
		546F04BD2916928D0006A846 /* weatheroUITests.xctest */ = {isa = PBXFileReference; explicitFileType = wrapper.cfbundle; includeInIndex = 0; path = weatheroUITests.xctest; sourceTree = BUILT_PRODUCTS_DIR; };
		546F04D1291693D00006A846 /* APIClient.swift */ = {isa = PBXFileReference; lastKnownFileType = sourcecode.swift; path = APIClient.swift; sourceTree = "<group>"; };
		546F04D62916943D0006A846 /* WeatherAPIClient.swift */ = {isa = PBXFileReference; lastKnownFileType = sourcecode.swift; path = WeatherAPIClient.swift; sourceTree = "<group>"; };
		546F04D82917CF0E0006A846 /* weathero.entitlements */ = {isa = PBXFileReference; lastKnownFileType = text.plist.entitlements; path = weathero.entitlements; sourceTree = "<group>"; };
		546F04E729190A0C0006A846 /* Weather.swift */ = {isa = PBXFileReference; lastKnownFileType = sourcecode.swift; path = Weather.swift; sourceTree = "<group>"; };
		54B79861291D1B12002D9F7F /* AvailabilityRequest.swift */ = {isa = PBXFileReference; lastKnownFileType = sourcecode.swift; path = AvailabilityRequest.swift; sourceTree = "<group>"; };
/* End PBXFileReference section */

/* Begin PBXFrameworksBuildPhase section */
		546F049A2916928A0006A846 /* Frameworks */ = {
			isa = PBXFrameworksBuildPhase;
			buildActionMask = 2147483647;
			files = (
				546EAC442922A9280011833F /* CocoaLumberjackSwift in Frameworks */,
				546F04E02917D1090006A846 /* SnapKit in Frameworks */,
			);
			runOnlyForDeploymentPostprocessing = 0;
		};
		546F04B02916928D0006A846 /* Frameworks */ = {
			isa = PBXFrameworksBuildPhase;
			buildActionMask = 2147483647;
			files = (
				546EAC492922AB940011833F /* CocoaLumberjackSwift in Frameworks */,
			);
			runOnlyForDeploymentPostprocessing = 0;
		};
		546F04BA2916928D0006A846 /* Frameworks */ = {
			isa = PBXFrameworksBuildPhase;
			buildActionMask = 2147483647;
			files = (
			);
			runOnlyForDeploymentPostprocessing = 0;
		};
/* End PBXFrameworksBuildPhase section */

/* Begin PBXGroup section */
		546EAC1129215E210011833F /* Dashboard */ = {
			isa = PBXGroup;
			children = (
				546EAC2729226B3A0011833F /* Views */,
				546EAC0D292112950011833F /* WeekSummaryViewController.swift */,
				546EAC1D292240F60011833F /* WeekSummaryViewModel.swift */,
				546EAC4C292393430011833F /* WeekSummaryIdentifiers.swift */,
			);
			path = Dashboard;
			sourceTree = "<group>";
		};
		546EAC14292162F90011833F /* Utilities */ = {
			isa = PBXGroup;
			children = (
				546EAC1A29223FED0011833F /* UIKit */,
				546EAC15292163000011833F /* Extensions */,
				546EAC1F292244800011833F /* WeatherClassifications.swift */,
				546EAC4A292390750011833F /* LocationHelpers.swift */,
			);
			path = Utilities;
			sourceTree = "<group>";
		};
		546EAC15292163000011833F /* Extensions */ = {
			isa = PBXGroup;
			children = (
				546EAC16292163070011833F /* Data.swift */,
				546EAC21292248440011833F /* Array.swift */,
				546EAC25292256850011833F /* Color.swift */,
			);
			path = Extensions;
			sourceTree = "<group>";
		};
		546EAC1A29223FED0011833F /* UIKit */ = {
			isa = PBXGroup;
			children = (
				546EAC1B29223FF90011833F /* UICollectionView.swift */,
				546EAC23292255950011833F /* GradientView.swift */,
			);
			path = UIKit;
			sourceTree = "<group>";
		};
		546EAC2729226B3A0011833F /* Views */ = {
			isa = PBXGroup;
			children = (
				546EAC1229215E330011833F /* NextHourView.swift */,
				546EAC1829217BA00011833F /* NextDaysView.swift */,
				546EAC29292270670011833F /* WeeklySummaryTitleView.swift */,
			);
			path = Views;
			sourceTree = "<group>";
		};
		546EAC2D292272480011833F /* Coordinator */ = {
			isa = PBXGroup;
			children = (
				546EAC2B2922721C0011833F /* Coordinator.swift */,
				546EAC2E292272550011833F /* NavigationCoordinator.swift */,
				546EAC30292273110011833F /* AppCoordinator.swift */,
				546EAC3C2922A80A0011833F /* LocationCoordinator.swift */,
			);
			path = Coordinator;
			sourceTree = "<group>";
		};
		546EAC32292292160011833F /* LocationPicker */ = {
			isa = PBXGroup;
			children = (
				546EAC332922922D0011833F /* LocationPickerViewController.swift */,
				546EAC54292394480011833F /* LocationIdentifiers.swift */,
			);
			path = LocationPicker;
			sourceTree = "<group>";
		};
		546EAC3529229DD00011833F /* Mocks */ = {
			isa = PBXGroup;
			children = (
				546EAC3629229DF40011833F /* MockDailyResponse.json */,
				546EAC3829229E360011833F /* MockWeatherAPIClient.swift */,
				546EAC3A29229F960011833F /* MockNextHourResponse.json */,
			);
			path = Mocks;
			sourceTree = "<group>";
		};
		546EAC472922AB940011833F /* Frameworks */ = {
			isa = PBXGroup;
			children = (
			);
			name = Frameworks;
			sourceTree = "<group>";
		};
		546EAC51292393D60011833F /* Extensions */ = {
			isa = PBXGroup;
			children = (
				546EAC52292393E30011833F /* XCUIElement.swift */,
			);
			path = Extensions;
			sourceTree = "<group>";
		};
		546F04942916928A0006A846 = {
			isa = PBXGroup;
			children = (
				546F049F2916928A0006A846 /* weathero */,
				546F04B62916928D0006A846 /* weatheroTests */,
				546F04C02916928D0006A846 /* weatheroUITests */,
				546F049E2916928A0006A846 /* Products */,
				546EAC472922AB940011833F /* Frameworks */,
			);
			sourceTree = "<group>";
		};
		546F049E2916928A0006A846 /* Products */ = {
			isa = PBXGroup;
			children = (
				546F049D2916928A0006A846 /* weathero.app */,
				546F04B32916928D0006A846 /* weatheroTests.xctest */,
				546F04BD2916928D0006A846 /* weatheroUITests.xctest */,
			);
			name = Products;
			sourceTree = "<group>";
		};
		546F049F2916928A0006A846 /* weathero */ = {
			isa = PBXGroup;
			children = (
				546EAC2D292272480011833F /* Coordinator */,
				546EAC14292162F90011833F /* Utilities */,
				546EAC32292292160011833F /* LocationPicker */,
				546EAC1129215E210011833F /* Dashboard */,
				546F04D82917CF0E0006A846 /* weathero.entitlements */,
				546F04D3291693DF0006A846 /* WeatherAPI */,
				546F04D0291693B00006A846 /* API */,
				546F04A02916928A0006A846 /* AppDelegate.swift */,
				546F04A22916928A0006A846 /* SceneDelegate.swift */,
				546F04A92916928C0006A846 /* Assets.xcassets */,
				546F04AB2916928C0006A846 /* LaunchScreen.storyboard */,
				546F04AE2916928C0006A846 /* Info.plist */,
			);
			path = weathero;
			sourceTree = "<group>";
		};
		546F04B62916928D0006A846 /* weatheroTests */ = {
			isa = PBXGroup;
			children = (
				546EAC3E2922A83C0011833F /* WeekSummaryViewModelTests.swift */,
				546EAC572923971A0011833F /* DayWeatherSummaryModelTests.swift */,
			);
			path = weatheroTests;
			sourceTree = "<group>";
		};
		546F04C02916928D0006A846 /* weatheroUITests */ = {
			isa = PBXGroup;
			children = (
				546EAC51292393D60011833F /* Extensions */,
				546EAC4F292393930011833F /* WeeklySummaryFlowTests.swift */,
			);
			path = weatheroUITests;
			sourceTree = "<group>";
		};
		546F04D0291693B00006A846 /* API */ = {
			isa = PBXGroup;
			children = (
				546F04D1291693D00006A846 /* APIClient.swift */,
			);
			path = API;
			sourceTree = "<group>";
		};
		546F04D3291693DF0006A846 /* WeatherAPI */ = {
			isa = PBXGroup;
			children = (
				546EAC3529229DD00011833F /* Mocks */,
				546F04D5291694320006A846 /* Requests */,
				546F04D42916942C0006A846 /* Models */,
				546F04D62916943D0006A846 /* WeatherAPIClient.swift */,
			);
			path = WeatherAPI;
			sourceTree = "<group>";
		};
		546F04D42916942C0006A846 /* Models */ = {
			isa = PBXGroup;
			children = (
				546F04E729190A0C0006A846 /* Weather.swift */,
			);
			path = Models;
			sourceTree = "<group>";
		};
		546F04D5291694320006A846 /* Requests */ = {
			isa = PBXGroup;
			children = (
				54B79861291D1B12002D9F7F /* AvailabilityRequest.swift */,
				546EAC0F29215C5E0011833F /* WeatherRequest.swift */,
			);
			path = Requests;
			sourceTree = "<group>";
		};
/* End PBXGroup section */

/* Begin PBXNativeTarget section */
		546F049C2916928A0006A846 /* weathero */ = {
			isa = PBXNativeTarget;
			buildConfigurationList = 546F04C72916928D0006A846 /* Build configuration list for PBXNativeTarget "weathero" */;
			buildPhases = (
				546F04992916928A0006A846 /* Sources */,
				546F049A2916928A0006A846 /* Frameworks */,
				546F049B2916928A0006A846 /* Resources */,
			);
			buildRules = (
			);
			dependencies = (
			);
			name = weathero;
			packageProductDependencies = (
				546F04DF2917D1090006A846 /* SnapKit */,
				546EAC432922A9280011833F /* CocoaLumberjackSwift */,
			);
			productName = weathero;
			productReference = 546F049D2916928A0006A846 /* weathero.app */;
			productType = "com.apple.product-type.application";
		};
		546F04B22916928D0006A846 /* weatheroTests */ = {
			isa = PBXNativeTarget;
			buildConfigurationList = 546F04CA2916928D0006A846 /* Build configuration list for PBXNativeTarget "weatheroTests" */;
			buildPhases = (
				546F04AF2916928D0006A846 /* Sources */,
				546F04B02916928D0006A846 /* Frameworks */,
				546F04B12916928D0006A846 /* Resources */,
			);
			buildRules = (
			);
			dependencies = (
				546F04B52916928D0006A846 /* PBXTargetDependency */,
			);
			name = weatheroTests;
			packageProductDependencies = (
				546EAC482922AB940011833F /* CocoaLumberjackSwift */,
			);
			productName = weatheroTests;
			productReference = 546F04B32916928D0006A846 /* weatheroTests.xctest */;
			productType = "com.apple.product-type.bundle.unit-test";
		};
		546F04BC2916928D0006A846 /* weatheroUITests */ = {
			isa = PBXNativeTarget;
			buildConfigurationList = 546F04CD2916928D0006A846 /* Build configuration list for PBXNativeTarget "weatheroUITests" */;
			buildPhases = (
				546F04B92916928D0006A846 /* Sources */,
				546F04BA2916928D0006A846 /* Frameworks */,
				546F04BB2916928D0006A846 /* Resources */,
			);
			buildRules = (
			);
			dependencies = (
				546F04BF2916928D0006A846 /* PBXTargetDependency */,
			);
			name = weatheroUITests;
			productName = weatheroUITests;
			productReference = 546F04BD2916928D0006A846 /* weatheroUITests.xctest */;
			productType = "com.apple.product-type.bundle.ui-testing";
		};
/* End PBXNativeTarget section */

/* Begin PBXProject section */
		546F04952916928A0006A846 /* Project object */ = {
			isa = PBXProject;
			attributes = {
				BuildIndependentTargetsInParallel = 1;
				LastSwiftUpdateCheck = 1400;
				LastUpgradeCheck = 1400;
				TargetAttributes = {
					546F049C2916928A0006A846 = {
						CreatedOnToolsVersion = 14.0.1;
					};
					546F04B22916928D0006A846 = {
						CreatedOnToolsVersion = 14.0.1;
						TestTargetID = 546F049C2916928A0006A846;
					};
					546F04BC2916928D0006A846 = {
						CreatedOnToolsVersion = 14.0.1;
						TestTargetID = 546F049C2916928A0006A846;
					};
				};
			};
			buildConfigurationList = 546F04982916928A0006A846 /* Build configuration list for PBXProject "weathero" */;
			compatibilityVersion = "Xcode 14.0";
			developmentRegion = en;
			hasScannedForEncodings = 0;
			knownRegions = (
				en,
				Base,
			);
			mainGroup = 546F04942916928A0006A846;
			packageReferences = (
				546F04DE2917D1090006A846 /* XCRemoteSwiftPackageReference "SnapKit" */,
				546EAC402922A9280011833F /* XCRemoteSwiftPackageReference "CocoaLumberjack" */,
			);
			productRefGroup = 546F049E2916928A0006A846 /* Products */;
			projectDirPath = "";
			projectRoot = "";
			targets = (
				546F049C2916928A0006A846 /* weathero */,
				546F04B22916928D0006A846 /* weatheroTests */,
				546F04BC2916928D0006A846 /* weatheroUITests */,
			);
		};
/* End PBXProject section */

/* Begin PBXResourcesBuildPhase section */
		546F049B2916928A0006A846 /* Resources */ = {
			isa = PBXResourcesBuildPhase;
			buildActionMask = 2147483647;
			files = (
				546F04AD2916928C0006A846 /* LaunchScreen.storyboard in Resources */,
				546F04AA2916928C0006A846 /* Assets.xcassets in Resources */,
				546EAC3B29229F960011833F /* MockNextHourResponse.json in Resources */,
				546EAC3729229DF40011833F /* MockDailyResponse.json in Resources */,
			);
			runOnlyForDeploymentPostprocessing = 0;
		};
		546F04B12916928D0006A846 /* Resources */ = {
			isa = PBXResourcesBuildPhase;
			buildActionMask = 2147483647;
			files = (
			);
			runOnlyForDeploymentPostprocessing = 0;
		};
		546F04BB2916928D0006A846 /* Resources */ = {
			isa = PBXResourcesBuildPhase;
			buildActionMask = 2147483647;
			files = (
			);
			runOnlyForDeploymentPostprocessing = 0;
		};
/* End PBXResourcesBuildPhase section */

/* Begin PBXSourcesBuildPhase section */
		546F04992916928A0006A846 /* Sources */ = {
			isa = PBXSourcesBuildPhase;
			buildActionMask = 2147483647;
			files = (
				546EAC1029215C5E0011833F /* WeatherRequest.swift in Sources */,
				546EAC4D292393430011833F /* WeekSummaryIdentifiers.swift in Sources */,
				546EAC17292163070011833F /* Data.swift in Sources */,
				546EAC55292394480011833F /* LocationIdentifiers.swift in Sources */,
				546F04A12916928A0006A846 /* AppDelegate.swift in Sources */,
				546F04A32916928A0006A846 /* SceneDelegate.swift in Sources */,
				546EAC26292256850011833F /* Color.swift in Sources */,
				546EAC342922922D0011833F /* LocationPickerViewController.swift in Sources */,
				546EAC20292244800011833F /* WeatherClassifications.swift in Sources */,
				546EAC3929229E360011833F /* MockWeatherAPIClient.swift in Sources */,
				546EAC31292273110011833F /* AppCoordinator.swift in Sources */,
				546EAC2C2922721C0011833F /* Coordinator.swift in Sources */,
				546EAC1E292240F60011833F /* WeekSummaryViewModel.swift in Sources */,
				546EAC24292255950011833F /* GradientView.swift in Sources */,
				546EAC22292248440011833F /* Array.swift in Sources */,
				54B79862291D1B12002D9F7F /* AvailabilityRequest.swift in Sources */,
				546EAC1329215E330011833F /* NextHourView.swift in Sources */,
				546EAC2A292270670011833F /* WeeklySummaryTitleView.swift in Sources */,
				546EAC1C29223FF90011833F /* UICollectionView.swift in Sources */,
				546EAC3D2922A80A0011833F /* LocationCoordinator.swift in Sources */,
				546F04D2291693D00006A846 /* APIClient.swift in Sources */,
				546EAC1929217BA00011833F /* NextDaysView.swift in Sources */,
				546EAC4B292390750011833F /* LocationHelpers.swift in Sources */,
				546F04E829190A0C0006A846 /* Weather.swift in Sources */,
				546F04D72916943D0006A846 /* WeatherAPIClient.swift in Sources */,
				546EAC2F292272550011833F /* NavigationCoordinator.swift in Sources */,
				546EAC0E292112960011833F /* WeekSummaryViewController.swift in Sources */,
			);
			runOnlyForDeploymentPostprocessing = 0;
		};
		546F04AF2916928D0006A846 /* Sources */ = {
			isa = PBXSourcesBuildPhase;
			buildActionMask = 2147483647;
			files = (
				546EAC582923971A0011833F /* DayWeatherSummaryModelTests.swift in Sources */,
				546EAC3F2922A83C0011833F /* WeekSummaryViewModelTests.swift in Sources */,
			);
			runOnlyForDeploymentPostprocessing = 0;
		};
		546F04B92916928D0006A846 /* Sources */ = {
			isa = PBXSourcesBuildPhase;
			buildActionMask = 2147483647;
			files = (
				546EAC4E292393470011833F /* WeekSummaryIdentifiers.swift in Sources */,
				546EAC50292393930011833F /* WeeklySummaryFlowTests.swift in Sources */,
				546EAC53292393E30011833F /* XCUIElement.swift in Sources */,
				546EAC56292394590011833F /* LocationIdentifiers.swift in Sources */,
			);
			runOnlyForDeploymentPostprocessing = 0;
		};
/* End PBXSourcesBuildPhase section */

/* Begin PBXTargetDependency section */
		546F04B52916928D0006A846 /* PBXTargetDependency */ = {
			isa = PBXTargetDependency;
			target = 546F049C2916928A0006A846 /* weathero */;
			targetProxy = 546F04B42916928D0006A846 /* PBXContainerItemProxy */;
		};
		546F04BF2916928D0006A846 /* PBXTargetDependency */ = {
			isa = PBXTargetDependency;
			target = 546F049C2916928A0006A846 /* weathero */;
			targetProxy = 546F04BE2916928D0006A846 /* PBXContainerItemProxy */;
		};
/* End PBXTargetDependency section */

/* Begin PBXVariantGroup section */
		546F04AB2916928C0006A846 /* LaunchScreen.storyboard */ = {
			isa = PBXVariantGroup;
			children = (
				546F04AC2916928C0006A846 /* Base */,
			);
			name = LaunchScreen.storyboard;
			sourceTree = "<group>";
		};
/* End PBXVariantGroup section */

/* Begin XCBuildConfiguration section */
		546F04C52916928D0006A846 /* Debug */ = {
			isa = XCBuildConfiguration;
			buildSettings = {
				ALWAYS_SEARCH_USER_PATHS = NO;
				CLANG_ANALYZER_NONNULL = YES;
				CLANG_ANALYZER_NUMBER_OBJECT_CONVERSION = YES_AGGRESSIVE;
				CLANG_CXX_LANGUAGE_STANDARD = "gnu++20";
				CLANG_ENABLE_MODULES = YES;
				CLANG_ENABLE_OBJC_ARC = YES;
				CLANG_ENABLE_OBJC_WEAK = YES;
				CLANG_WARN_BLOCK_CAPTURE_AUTORELEASING = YES;
				CLANG_WARN_BOOL_CONVERSION = YES;
				CLANG_WARN_COMMA = YES;
				CLANG_WARN_CONSTANT_CONVERSION = YES;
				CLANG_WARN_DEPRECATED_OBJC_IMPLEMENTATIONS = YES;
				CLANG_WARN_DIRECT_OBJC_ISA_USAGE = YES_ERROR;
				CLANG_WARN_DOCUMENTATION_COMMENTS = YES;
				CLANG_WARN_EMPTY_BODY = YES;
				CLANG_WARN_ENUM_CONVERSION = YES;
				CLANG_WARN_INFINITE_RECURSION = YES;
				CLANG_WARN_INT_CONVERSION = YES;
				CLANG_WARN_NON_LITERAL_NULL_CONVERSION = YES;
				CLANG_WARN_OBJC_IMPLICIT_RETAIN_SELF = YES;
				CLANG_WARN_OBJC_LITERAL_CONVERSION = YES;
				CLANG_WARN_OBJC_ROOT_CLASS = YES_ERROR;
				CLANG_WARN_QUOTED_INCLUDE_IN_FRAMEWORK_HEADER = YES;
				CLANG_WARN_RANGE_LOOP_ANALYSIS = YES;
				CLANG_WARN_STRICT_PROTOTYPES = YES;
				CLANG_WARN_SUSPICIOUS_MOVE = YES;
				CLANG_WARN_UNGUARDED_AVAILABILITY = YES_AGGRESSIVE;
				CLANG_WARN_UNREACHABLE_CODE = YES;
				CLANG_WARN__DUPLICATE_METHOD_MATCH = YES;
				COPY_PHASE_STRIP = NO;
				DEBUG_INFORMATION_FORMAT = dwarf;
				ENABLE_STRICT_OBJC_MSGSEND = YES;
				ENABLE_TESTABILITY = YES;
				GCC_C_LANGUAGE_STANDARD = gnu11;
				GCC_DYNAMIC_NO_PIC = NO;
				GCC_NO_COMMON_BLOCKS = YES;
				GCC_OPTIMIZATION_LEVEL = 0;
				GCC_PREPROCESSOR_DEFINITIONS = (
					"DEBUG=1",
					"$(inherited)",
				);
				GCC_WARN_64_TO_32_BIT_CONVERSION = YES;
				GCC_WARN_ABOUT_RETURN_TYPE = YES_ERROR;
				GCC_WARN_UNDECLARED_SELECTOR = YES;
				GCC_WARN_UNINITIALIZED_AUTOS = YES_AGGRESSIVE;
				GCC_WARN_UNUSED_FUNCTION = YES;
				GCC_WARN_UNUSED_VARIABLE = YES;
				IPHONEOS_DEPLOYMENT_TARGET = 16.0;
				MTL_ENABLE_DEBUG_INFO = INCLUDE_SOURCE;
				MTL_FAST_MATH = YES;
				ONLY_ACTIVE_ARCH = YES;
				SDKROOT = iphoneos;
				SWIFT_ACTIVE_COMPILATION_CONDITIONS = DEBUG;
				SWIFT_OPTIMIZATION_LEVEL = "-Onone";
			};
			name = Debug;
		};
		546F04C62916928D0006A846 /* Release */ = {
			isa = XCBuildConfiguration;
			buildSettings = {
				ALWAYS_SEARCH_USER_PATHS = NO;
				CLANG_ANALYZER_NONNULL = YES;
				CLANG_ANALYZER_NUMBER_OBJECT_CONVERSION = YES_AGGRESSIVE;
				CLANG_CXX_LANGUAGE_STANDARD = "gnu++20";
				CLANG_ENABLE_MODULES = YES;
				CLANG_ENABLE_OBJC_ARC = YES;
				CLANG_ENABLE_OBJC_WEAK = YES;
				CLANG_WARN_BLOCK_CAPTURE_AUTORELEASING = YES;
				CLANG_WARN_BOOL_CONVERSION = YES;
				CLANG_WARN_COMMA = YES;
				CLANG_WARN_CONSTANT_CONVERSION = YES;
				CLANG_WARN_DEPRECATED_OBJC_IMPLEMENTATIONS = YES;
				CLANG_WARN_DIRECT_OBJC_ISA_USAGE = YES_ERROR;
				CLANG_WARN_DOCUMENTATION_COMMENTS = YES;
				CLANG_WARN_EMPTY_BODY = YES;
				CLANG_WARN_ENUM_CONVERSION = YES;
				CLANG_WARN_INFINITE_RECURSION = YES;
				CLANG_WARN_INT_CONVERSION = YES;
				CLANG_WARN_NON_LITERAL_NULL_CONVERSION = YES;
				CLANG_WARN_OBJC_IMPLICIT_RETAIN_SELF = YES;
				CLANG_WARN_OBJC_LITERAL_CONVERSION = YES;
				CLANG_WARN_OBJC_ROOT_CLASS = YES_ERROR;
				CLANG_WARN_QUOTED_INCLUDE_IN_FRAMEWORK_HEADER = YES;
				CLANG_WARN_RANGE_LOOP_ANALYSIS = YES;
				CLANG_WARN_STRICT_PROTOTYPES = YES;
				CLANG_WARN_SUSPICIOUS_MOVE = YES;
				CLANG_WARN_UNGUARDED_AVAILABILITY = YES_AGGRESSIVE;
				CLANG_WARN_UNREACHABLE_CODE = YES;
				CLANG_WARN__DUPLICATE_METHOD_MATCH = YES;
				COPY_PHASE_STRIP = NO;
				DEBUG_INFORMATION_FORMAT = "dwarf-with-dsym";
				ENABLE_NS_ASSERTIONS = NO;
				ENABLE_STRICT_OBJC_MSGSEND = YES;
				GCC_C_LANGUAGE_STANDARD = gnu11;
				GCC_NO_COMMON_BLOCKS = YES;
				GCC_WARN_64_TO_32_BIT_CONVERSION = YES;
				GCC_WARN_ABOUT_RETURN_TYPE = YES_ERROR;
				GCC_WARN_UNDECLARED_SELECTOR = YES;
				GCC_WARN_UNINITIALIZED_AUTOS = YES_AGGRESSIVE;
				GCC_WARN_UNUSED_FUNCTION = YES;
				GCC_WARN_UNUSED_VARIABLE = YES;
				IPHONEOS_DEPLOYMENT_TARGET = 16.0;
				MTL_ENABLE_DEBUG_INFO = NO;
				MTL_FAST_MATH = YES;
				SDKROOT = iphoneos;
				SWIFT_COMPILATION_MODE = wholemodule;
				SWIFT_OPTIMIZATION_LEVEL = "-O";
				VALIDATE_PRODUCT = YES;
			};
			name = Release;
		};
		546F04C82916928D0006A846 /* Debug */ = {
			isa = XCBuildConfiguration;
			buildSettings = {
				ASSETCATALOG_COMPILER_APPICON_NAME = AppIcon;
				ASSETCATALOG_COMPILER_GLOBAL_ACCENT_COLOR_NAME = AccentColor;
				CODE_SIGN_ENTITLEMENTS = weathero/weathero.entitlements;
				CODE_SIGN_STYLE = Automatic;
				CURRENT_PROJECT_VERSION = 1;
				DEVELOPMENT_TEAM = UHG35942S7;
				GENERATE_INFOPLIST_FILE = YES;
				INFOPLIST_FILE = weathero/Info.plist;
				INFOPLIST_KEY_UIApplicationSupportsIndirectInputEvents = YES;
				INFOPLIST_KEY_UILaunchStoryboardName = LaunchScreen;
				INFOPLIST_KEY_UISupportedInterfaceOrientations_iPad = "UIInterfaceOrientationPortrait UIInterfaceOrientationPortraitUpsideDown UIInterfaceOrientationLandscapeLeft UIInterfaceOrientationLandscapeRight";
				INFOPLIST_KEY_UISupportedInterfaceOrientations_iPhone = "UIInterfaceOrientationPortrait UIInterfaceOrientationLandscapeLeft UIInterfaceOrientationLandscapeRight";
				LD_RUNPATH_SEARCH_PATHS = (
					"$(inherited)",
					"@executable_path/Frameworks",
				);
				MARKETING_VERSION = 1.0;
				PRODUCT_BUNDLE_IDENTIFIER = com.rob.weatheropo;
				PRODUCT_NAME = "$(TARGET_NAME)";
				SWIFT_EMIT_LOC_STRINGS = YES;
				SWIFT_VERSION = 5.0;
				TARGETED_DEVICE_FAMILY = "1,2";
			};
			name = Debug;
		};
		546F04C92916928D0006A846 /* Release */ = {
			isa = XCBuildConfiguration;
			buildSettings = {
				ASSETCATALOG_COMPILER_APPICON_NAME = AppIcon;
				ASSETCATALOG_COMPILER_GLOBAL_ACCENT_COLOR_NAME = AccentColor;
				CODE_SIGN_ENTITLEMENTS = weathero/weathero.entitlements;
				CODE_SIGN_STYLE = Automatic;
				CURRENT_PROJECT_VERSION = 1;
				DEVELOPMENT_TEAM = UHG35942S7;
				GENERATE_INFOPLIST_FILE = YES;
				INFOPLIST_FILE = weathero/Info.plist;
				INFOPLIST_KEY_UIApplicationSupportsIndirectInputEvents = YES;
				INFOPLIST_KEY_UILaunchStoryboardName = LaunchScreen;
				INFOPLIST_KEY_UISupportedInterfaceOrientations_iPad = "UIInterfaceOrientationPortrait UIInterfaceOrientationPortraitUpsideDown UIInterfaceOrientationLandscapeLeft UIInterfaceOrientationLandscapeRight";
				INFOPLIST_KEY_UISupportedInterfaceOrientations_iPhone = "UIInterfaceOrientationPortrait UIInterfaceOrientationLandscapeLeft UIInterfaceOrientationLandscapeRight";
				LD_RUNPATH_SEARCH_PATHS = (
					"$(inherited)",
					"@executable_path/Frameworks",
				);
				MARKETING_VERSION = 1.0;
				PRODUCT_BUNDLE_IDENTIFIER = com.rob.weatheropo;
				PRODUCT_NAME = "$(TARGET_NAME)";
				SWIFT_EMIT_LOC_STRINGS = YES;
				SWIFT_VERSION = 5.0;
				TARGETED_DEVICE_FAMILY = "1,2";
			};
			name = Release;
		};
		546F04CB2916928D0006A846 /* Debug */ = {
			isa = XCBuildConfiguration;
			buildSettings = {
				ALWAYS_EMBED_SWIFT_STANDARD_LIBRARIES = YES;
				BUNDLE_LOADER = "$(TEST_HOST)";
				CODE_SIGN_STYLE = Automatic;
				CURRENT_PROJECT_VERSION = 1;
				DEVELOPMENT_TEAM = DSRCS6Z84K;
				GENERATE_INFOPLIST_FILE = YES;
				IPHONEOS_DEPLOYMENT_TARGET = 16.0;
				MARKETING_VERSION = 1.0;
				PRODUCT_BUNDLE_IDENTIFIER = com.rob.weatheroTests;
				PRODUCT_NAME = "$(TARGET_NAME)";
				SWIFT_EMIT_LOC_STRINGS = NO;
				SWIFT_VERSION = 5.0;
				TARGETED_DEVICE_FAMILY = "1,2";
				TEST_HOST = "$(BUILT_PRODUCTS_DIR)/weathero.app/$(BUNDLE_EXECUTABLE_FOLDER_PATH)/weathero";
			};
			name = Debug;
		};
		546F04CC2916928D0006A846 /* Release */ = {
			isa = XCBuildConfiguration;
			buildSettings = {
				ALWAYS_EMBED_SWIFT_STANDARD_LIBRARIES = YES;
				BUNDLE_LOADER = "$(TEST_HOST)";
				CODE_SIGN_STYLE = Automatic;
				CURRENT_PROJECT_VERSION = 1;
				DEVELOPMENT_TEAM = DSRCS6Z84K;
				GENERATE_INFOPLIST_FILE = YES;
				IPHONEOS_DEPLOYMENT_TARGET = 16.0;
				MARKETING_VERSION = 1.0;
				PRODUCT_BUNDLE_IDENTIFIER = com.rob.weatheroTests;
				PRODUCT_NAME = "$(TARGET_NAME)";
				SWIFT_EMIT_LOC_STRINGS = NO;
				SWIFT_VERSION = 5.0;
				TARGETED_DEVICE_FAMILY = "1,2";
				TEST_HOST = "$(BUILT_PRODUCTS_DIR)/weathero.app/$(BUNDLE_EXECUTABLE_FOLDER_PATH)/weathero";
			};
			name = Release;
		};
		546F04CE2916928D0006A846 /* Debug */ = {
			isa = XCBuildConfiguration;
			buildSettings = {
				ALWAYS_EMBED_SWIFT_STANDARD_LIBRARIES = YES;
				CODE_SIGN_STYLE = Automatic;
				CURRENT_PROJECT_VERSION = 1;
				DEVELOPMENT_TEAM = DSRCS6Z84K;
				GENERATE_INFOPLIST_FILE = YES;
				MARKETING_VERSION = 1.0;
				PRODUCT_BUNDLE_IDENTIFIER = com.rob.weatheroUITests;
				PRODUCT_NAME = "$(TARGET_NAME)";
				SWIFT_EMIT_LOC_STRINGS = NO;
				SWIFT_VERSION = 5.0;
				TARGETED_DEVICE_FAMILY = "1,2";
				TEST_TARGET_NAME = weathero;
			};
			name = Debug;
		};
		546F04CF2916928D0006A846 /* Release */ = {
			isa = XCBuildConfiguration;
			buildSettings = {
				ALWAYS_EMBED_SWIFT_STANDARD_LIBRARIES = YES;
				CODE_SIGN_STYLE = Automatic;
				CURRENT_PROJECT_VERSION = 1;
				DEVELOPMENT_TEAM = DSRCS6Z84K;
				GENERATE_INFOPLIST_FILE = YES;
				MARKETING_VERSION = 1.0;
				PRODUCT_BUNDLE_IDENTIFIER = com.rob.weatheroUITests;
				PRODUCT_NAME = "$(TARGET_NAME)";
				SWIFT_EMIT_LOC_STRINGS = NO;
				SWIFT_VERSION = 5.0;
				TARGETED_DEVICE_FAMILY = "1,2";
				TEST_TARGET_NAME = weathero;
			};
			name = Release;
		};
/* End XCBuildConfiguration section */

/* Begin XCConfigurationList section */
		546F04982916928A0006A846 /* Build configuration list for PBXProject "weathero" */ = {
			isa = XCConfigurationList;
			buildConfigurations = (
				546F04C52916928D0006A846 /* Debug */,
				546F04C62916928D0006A846 /* Release */,
			);
			defaultConfigurationIsVisible = 0;
			defaultConfigurationName = Release;
		};
		546F04C72916928D0006A846 /* Build configuration list for PBXNativeTarget "weathero" */ = {
			isa = XCConfigurationList;
			buildConfigurations = (
				546F04C82916928D0006A846 /* Debug */,
				546F04C92916928D0006A846 /* Release */,
			);
			defaultConfigurationIsVisible = 0;
			defaultConfigurationName = Release;
		};
		546F04CA2916928D0006A846 /* Build configuration list for PBXNativeTarget "weatheroTests" */ = {
			isa = XCConfigurationList;
			buildConfigurations = (
				546F04CB2916928D0006A846 /* Debug */,
				546F04CC2916928D0006A846 /* Release */,
			);
			defaultConfigurationIsVisible = 0;
			defaultConfigurationName = Release;
		};
		546F04CD2916928D0006A846 /* Build configuration list for PBXNativeTarget "weatheroUITests" */ = {
			isa = XCConfigurationList;
			buildConfigurations = (
				546F04CE2916928D0006A846 /* Debug */,
				546F04CF2916928D0006A846 /* Release */,
			);
			defaultConfigurationIsVisible = 0;
			defaultConfigurationName = Release;
		};
/* End XCConfigurationList section */

/* Begin XCRemoteSwiftPackageReference section */
		546EAC402922A9280011833F /* XCRemoteSwiftPackageReference "CocoaLumberjack" */ = {
			isa = XCRemoteSwiftPackageReference;
			repositoryURL = "https://github.com/CocoaLumberjack/CocoaLumberjack.git";
			requirement = {
				kind = upToNextMajorVersion;
				minimumVersion = 3.0.0;
			};
		};
		546F04DE2917D1090006A846 /* XCRemoteSwiftPackageReference "SnapKit" */ = {
			isa = XCRemoteSwiftPackageReference;
			repositoryURL = "https://github.com/SnapKit/SnapKit.git";
			requirement = {
				kind = upToNextMajorVersion;
				minimumVersion = 5.0.0;
			};
		};
/* End XCRemoteSwiftPackageReference section */

/* Begin XCSwiftPackageProductDependency section */
		546EAC432922A9280011833F /* CocoaLumberjackSwift */ = {
			isa = XCSwiftPackageProductDependency;
			package = 546EAC402922A9280011833F /* XCRemoteSwiftPackageReference "CocoaLumberjack" */;
			productName = CocoaLumberjackSwift;
		};
		546EAC482922AB940011833F /* CocoaLumberjackSwift */ = {
			isa = XCSwiftPackageProductDependency;
			package = 546EAC402922A9280011833F /* XCRemoteSwiftPackageReference "CocoaLumberjack" */;
			productName = CocoaLumberjackSwift;
		};
		546F04DF2917D1090006A846 /* SnapKit */ = {
			isa = XCSwiftPackageProductDependency;
			package = 546F04DE2917D1090006A846 /* XCRemoteSwiftPackageReference "SnapKit" */;
			productName = SnapKit;
		};
/* End XCSwiftPackageProductDependency section */
	};
	rootObject = 546F04952916928A0006A846 /* Project object */;
}
